// !$*UTF8*$!
{
	archiveVersion = 1;
	classes = {
	};
	objectVersion = 77;
	objects = {

/* Begin PBXBuildFile section */
		08565BE1761ADCDA22C31FD1 /* FilePresenters.swift in Sources */ = {isa = PBXBuildFile; fileRef = 6FF0B94F1558DB6DA49A610F /* FilePresenters.swift */; };
		0BFCB4E536F0DEF226744E67 /* SiteInfoDTO.swift in Sources */ = {isa = PBXBuildFile; fileRef = 9FEEA578AD0563216F3CD65A /* SiteInfoDTO.swift */; };
		0D72B8BE8B5051A98E928CCD /* FileURLTokenizer.swift in Sources */ = {isa = PBXBuildFile; fileRef = 50A3A42D947FB5BA2B6AFB70 /* FileURLTokenizer.swift */; };
		0F71D99FFD4B012266DCCA65 /* RootView.swift in Sources */ = {isa = PBXBuildFile; fileRef = 058D5135C8218E91EC87E438 /* RootView.swift */; };
		11495C7A826FF7BEB50F7C0D /* AppSession.swift in Sources */ = {isa = PBXBuildFile; fileRef = ED2785533331D773CF0D25D5 /* AppSession.swift */; };
		118F5092D57A515A3426808C /* FileURLTokenizerTests.swift in Sources */ = {isa = PBXBuildFile; fileRef = F3BF39A74533D9FEBB64D126 /* FileURLTokenizerTests.swift */; };
		1230ED6B7B1E1BB3F88C6466 /* FileRow.swift in Sources */ = {isa = PBXBuildFile; fileRef = F6EBD1D30A4573151B77A38B /* FileRow.swift */; };
		14951E8148A77C6FAC5A148A /* LoginFlowTests.swift in Sources */ = {isa = PBXBuildFile; fileRef = D8A86362F900DB06EED974BA /* LoginFlowTests.swift */; };
		17573A8A9558E9750026F483 /* TokenStore.swift in Sources */ = {isa = PBXBuildFile; fileRef = 93D27EFC0A024C85307150D7 /* TokenStore.swift */; };
		1B6FDB6FF3E0BB4693BB3D08 /* Theme.swift in Sources */ = {isa = PBXBuildFile; fileRef = C956A75A7DA5D53C8767CFAA /* Theme.swift */; };
		1CC354A37D8D0733313543EE /* Multilang.swift in Sources */ = {isa = PBXBuildFile; fileRef = 269D9C6B193F29B7CE5B6822 /* Multilang.swift */; };
		205CD762DB8C6F586EBBE93B /* StoreContainer.swift in Sources */ = {isa = PBXBuildFile; fileRef = 19452E311E45FA947869B393 /* StoreContainer.swift */; };
		21E5BFDB220B7863B2DC91FC /* Localizable.xcstrings in Resources */ = {isa = PBXBuildFile; fileRef = 864BC64E7643ABBFBF2CCFD3 /* Localizable.xcstrings */; };
		29EEC2580CF13F0C30F66688 /* GlobalSearchView.swift in Sources */ = {isa = PBXBuildFile; fileRef = 627F23C0ADBE033E203C10F3 /* GlobalSearchView.swift */; };
		2B905BE00D958210F2A57479 /* AcademicYear.swift in Sources */ = {isa = PBXBuildFile; fileRef = 7A2A5A24A4239BD7AB55BDAA /* AcademicYear.swift */; };
		32B6E669F6D21E4660A62CA2 /* LoginFlow.swift in Sources */ = {isa = PBXBuildFile; fileRef = 135FEEAF58474DF5713A782B /* LoginFlow.swift */; };
		3327218B5E09E7B30CA063E2 /* users_courses.json in Resources */ = {isa = PBXBuildFile; fileRef = EC0BB1DC0D87DE1F7BCDE019 /* users_courses.json */; };
		3753DE3FC210E0B7D4492B8F /* LoginView.swift in Sources */ = {isa = PBXBuildFile; fileRef = 3E0A9DEA0B195D1C341C16A8 /* LoginView.swift */; };
		38E915034426D597D953CB8A /* StatusTile.swift in Sources */ = {isa = PBXBuildFile; fileRef = 2CC05CAD9EE8A0567A6406E7 /* StatusTile.swift */; };
		4190859D37F8969EC27E0856 /* categories.json in Resources */ = {isa = PBXBuildFile; fileRef = 3F0D756C3B06D3C63DA23AB7 /* categories.json */; };
		4CF4BEA7E412F3ACA05D20CA /* AcknowledgementsView.swift in Sources */ = {isa = PBXBuildFile; fileRef = ADA162076A63985DB48527FD /* AcknowledgementsView.swift */; };
		4FBB247F1378B5331C795811 /* MoodleClientTests.swift in Sources */ = {isa = PBXBuildFile; fileRef = E5859EC2B8B8ECA33F4EA63B /* MoodleClientTests.swift */; };
		6C4AB023B505AD19B002477E /* CoursesHomeView.swift in Sources */ = {isa = PBXBuildFile; fileRef = 1A8C5004148D51BFD22BB6DE /* CoursesHomeView.swift */; };
		724FD949B3D00AA7329215A2 /* FileOpener.swift in Sources */ = {isa = PBXBuildFile; fileRef = 8CF8694ACF7AB5159B41777A /* FileOpener.swift */; };
		7737B668FFFEB4C395AEF153 /* IndexerTests.swift in Sources */ = {isa = PBXBuildFile; fileRef = 5EC0BE5246B5005FBF7AF7A2 /* IndexerTests.swift */; };
		78939754EF3C3D1067462E53 /* CourseNameParserTests.swift in Sources */ = {isa = PBXBuildFile; fileRef = 3416213C83DDF3DE7B444F5C /* CourseNameParserTests.swift */; };
		7BA95232FC983C887333025A /* LocalFilesTests.swift in Sources */ = {isa = PBXBuildFile; fileRef = BCB2A417054F68350208AB6C /* LocalFilesTests.swift */; };
		7E2C6B05A3F63BBB8B50917C /* ActivityView.swift in Sources */ = {isa = PBXBuildFile; fileRef = AA7789D4DEFC3C8FC5C88418 /* ActivityView.swift */; };
		8321F34FABEDD4FE9A1C5467 /* LoginWebView.swift in Sources */ = {isa = PBXBuildFile; fileRef = 57DE24B0F8748037EA115797 /* LoginWebView.swift */; };
		8B0F59A0BEB0A339641A65CA /* Indexer.swift in Sources */ = {isa = PBXBuildFile; fileRef = B1D5FBE3ACEA751305B2C656 /* Indexer.swift */; };
		8BFBAD8978D84465EDC8B377 /* AppIcon.icon in Resources */ = {isa = PBXBuildFile; fileRef = 0478DD28AE32D428A6FF72E7 /* AppIcon.icon */; };
		97B9AD6D6A5ECCD8C59D8D34 /* MoodleError.swift in Sources */ = {isa = PBXBuildFile; fileRef = 286AB63D1C7EF76A73108AAA /* MoodleError.swift */; };
		9FEF5A7A095D2FA9AB77273F /* error_invalidtoken.json in Resources */ = {isa = PBXBuildFile; fileRef = AF462B1F1184F0A52D098EC7 /* error_invalidtoken.json */; };
		A17B535957C22F5DCCF9322A /* SettingsView.swift in Sources */ = {isa = PBXBuildFile; fileRef = 18DC03A9A41FBAA63B81F471 /* SettingsView.swift */; };
		A1FD17704A581986987016AD /* CourseNameParser.swift in Sources */ = {isa = PBXBuildFile; fileRef = 92F027F03142CE65043329E3 /* CourseNameParser.swift */; };
		A46A7CF1B1510E9189B8DDD2 /* BeepApp.swift in Sources */ = {isa = PBXBuildFile; fileRef = F4DE5789C80BF2E517E67978 /* BeepApp.swift */; };
		A853F8004BE198CCB38C66C6 /* MainTabs.swift in Sources */ = {isa = PBXBuildFile; fileRef = 6CDBE80ED4DAF175F43E0A6E /* MainTabs.swift */; };
		ACD6B2DBB3ACF96620808FC5 /* SyncCoursesView.swift in Sources */ = {isa = PBXBuildFile; fileRef = 310DD6AAE1D1B781EFA5601C /* SyncCoursesView.swift */; };
		B9287AE1401A76332A60CBF8 /* CourseContentsDTO.swift in Sources */ = {isa = PBXBuildFile; fileRef = 632F9C4E22DDA97925F567A1 /* CourseContentsDTO.swift */; };
		BE100D9ECE10FC95B2C345A1 /* CourseDetailView.swift in Sources */ = {isa = PBXBuildFile; fileRef = 71E4840D462EF098CE10FD83 /* CourseDetailView.swift */; };
		C1A3A74FB37AACF97A8403B5 /* course_contents.json in Resources */ = {isa = PBXBuildFile; fileRef = 9B277ED54290D81DF1A0DB17 /* course_contents.json */; };
		CC00A700E301109EB1F4C635 /* DemoData.swift in Sources */ = {isa = PBXBuildFile; fileRef = 7244B2A38FD30B29696052BF /* DemoData.swift */; };
		CE5F33BDE5114B749AC8D43A /* ModuleRow.swift in Sources */ = {isa = PBXBuildFile; fileRef = 39EF8D5542906BF58E29A37C /* ModuleRow.swift */; };
		D06EDE2500B8063422C11257 /* MoodleClient.swift in Sources */ = {isa = PBXBuildFile; fileRef = 2DA016BEE918F3CECA3C896C /* MoodleClient.swift */; };
		D2090CA81A5389D97FE3C779 /* SyncEngine.swift in Sources */ = {isa = PBXBuildFile; fileRef = AD984B3CFFCA2AD81EA3EDC8 /* SyncEngine.swift */; };
		D4242DA20C3804FC6C8B4749 /* RecentFilesView.swift in Sources */ = {isa = PBXBuildFile; fileRef = 83797407F81A91DEB24BEF98 /* RecentFilesView.swift */; };
		D5054C1FB88A83275883BAC2 /* NOTICE in Resources */ = {isa = PBXBuildFile; fileRef = 28FC5D2010DAB3286DF95F13 /* NOTICE */; };
		D79E9320936B93753C5B9ECC /* AcademicYearTests.swift in Sources */ = {isa = PBXBuildFile; fileRef = 6F85901F69D7F210C5CCF9D3 /* AcademicYearTests.swift */; };
		D9CDB25E96CD7637AE81F4A9 /* Assets.xcassets in Resources */ = {isa = PBXBuildFile; fileRef = 8DF4144FD06449B7635ED698 /* Assets.xcassets */; };
		DAA031E7642FE2F986BBB0A4 /* WelcomeView.swift in Sources */ = {isa = PBXBuildFile; fileRef = EFB947E1DDE4DB52EA62CD43 /* WelcomeView.swift */; };
		DB3D146033B474942585D55E /* Models.swift in Sources */ = {isa = PBXBuildFile; fileRef = 79808CD1C374D0352A1F0E37 /* Models.swift */; };
		DB9A38011CA86FD6B9C5B993 /* SmokeTests.swift in Sources */ = {isa = PBXBuildFile; fileRef = 03582BA59A9B5D1BEC9FF227 /* SmokeTests.swift */; };
		DFAFBD4BF6D969D0088EDA20 /* CourseRow.swift in Sources */ = {isa = PBXBuildFile; fileRef = 24626E92874EE99AAA4BB29F /* CourseRow.swift */; };
		E1017A3721D41B553FE4977E /* site_info.json in Resources */ = {isa = PBXBuildFile; fileRef = E87CF57754DAA246400A385A /* site_info.json */; };
		E6B366A3AC0BA7A882DD78E3 /* NotificationDTO.swift in Sources */ = {isa = PBXBuildFile; fileRef = CE09B0D0E5769EBAB31D00DD /* NotificationDTO.swift */; };
		EA17FF851EFAE8E4A4E6BAE6 /* NotificationsView.swift in Sources */ = {isa = PBXBuildFile; fileRef = 9B0FCDC6C27FDB36BBF67A34 /* NotificationsView.swift */; };
		EB70F36E770556C2C196FAB9 /* CourseDTO.swift in Sources */ = {isa = PBXBuildFile; fileRef = BCB403E03ED555E80094485A /* CourseDTO.swift */; };
		ECC33AE508D8A7E799C94E1E /* ForumDTO.swift in Sources */ = {isa = PBXBuildFile; fileRef = 3894DE45915C01852E61D255 /* ForumDTO.swift */; };
		F23CAFFA458B9E6314482632 /* CourseTile.swift in Sources */ = {isa = PBXBuildFile; fileRef = 33057622945CF80070DEDD5E /* CourseTile.swift */; };
		F8228C12F6DCDD1BD3E58ED9 /* MultilangTests.swift in Sources */ = {isa = PBXBuildFile; fileRef = CAB8F9B05C965CA7DF432E0A /* MultilangTests.swift */; };
/* End PBXBuildFile section */

/* Begin PBXContainerItemProxy section */
		5931C1881E8D691EE26C0B77 /* PBXContainerItemProxy */ = {
			isa = PBXContainerItemProxy;
			containerPortal = 7B20E5A0EC915A61F761D5E2 /* Project object */;
			proxyType = 1;
			remoteGlobalIDString = 4E1E84473F88659B8C224DAF;
			remoteInfo = Beep;
		};
/* End PBXContainerItemProxy section */

/* Begin PBXFileReference section */
		03582BA59A9B5D1BEC9FF227 /* SmokeTests.swift */ = {isa = PBXFileReference; lastKnownFileType = sourcecode.swift; path = SmokeTests.swift; sourceTree = "<group>"; };
		0478DD28AE32D428A6FF72E7 /* AppIcon.icon */ = {isa = PBXFileReference; lastKnownFileType = wrapper.icon; path = AppIcon.icon; sourceTree = "<group>"; };
		058D5135C8218E91EC87E438 /* RootView.swift */ = {isa = PBXFileReference; lastKnownFileType = sourcecode.swift; path = RootView.swift; sourceTree = "<group>"; };
		135FEEAF58474DF5713A782B /* LoginFlow.swift */ = {isa = PBXFileReference; lastKnownFileType = sourcecode.swift; path = LoginFlow.swift; sourceTree = "<group>"; };
		18DC03A9A41FBAA63B81F471 /* SettingsView.swift */ = {isa = PBXFileReference; lastKnownFileType = sourcecode.swift; path = SettingsView.swift; sourceTree = "<group>"; };
		19452E311E45FA947869B393 /* StoreContainer.swift */ = {isa = PBXFileReference; lastKnownFileType = sourcecode.swift; path = StoreContainer.swift; sourceTree = "<group>"; };
		1A8C5004148D51BFD22BB6DE /* CoursesHomeView.swift */ = {isa = PBXFileReference; lastKnownFileType = sourcecode.swift; path = CoursesHomeView.swift; sourceTree = "<group>"; };
		24626E92874EE99AAA4BB29F /* CourseRow.swift */ = {isa = PBXFileReference; lastKnownFileType = sourcecode.swift; path = CourseRow.swift; sourceTree = "<group>"; };
		269D9C6B193F29B7CE5B6822 /* Multilang.swift */ = {isa = PBXFileReference; lastKnownFileType = sourcecode.swift; path = Multilang.swift; sourceTree = "<group>"; };
		286AB63D1C7EF76A73108AAA /* MoodleError.swift */ = {isa = PBXFileReference; lastKnownFileType = sourcecode.swift; path = MoodleError.swift; sourceTree = "<group>"; };
		28FC5D2010DAB3286DF95F13 /* NOTICE */ = {isa = PBXFileReference; path = NOTICE; sourceTree = "<group>"; };
		2CC05CAD9EE8A0567A6406E7 /* StatusTile.swift */ = {isa = PBXFileReference; lastKnownFileType = sourcecode.swift; path = StatusTile.swift; sourceTree = "<group>"; };
		2DA016BEE918F3CECA3C896C /* MoodleClient.swift */ = {isa = PBXFileReference; lastKnownFileType = sourcecode.swift; path = MoodleClient.swift; sourceTree = "<group>"; };
		310DD6AAE1D1B781EFA5601C /* SyncCoursesView.swift */ = {isa = PBXFileReference; lastKnownFileType = sourcecode.swift; path = SyncCoursesView.swift; sourceTree = "<group>"; };
		33057622945CF80070DEDD5E /* CourseTile.swift */ = {isa = PBXFileReference; lastKnownFileType = sourcecode.swift; path = CourseTile.swift; sourceTree = "<group>"; };
		3416213C83DDF3DE7B444F5C /* CourseNameParserTests.swift */ = {isa = PBXFileReference; lastKnownFileType = sourcecode.swift; path = CourseNameParserTests.swift; sourceTree = "<group>"; };
		3894DE45915C01852E61D255 /* ForumDTO.swift */ = {isa = PBXFileReference; lastKnownFileType = sourcecode.swift; path = ForumDTO.swift; sourceTree = "<group>"; };
		39EF8D5542906BF58E29A37C /* ModuleRow.swift */ = {isa = PBXFileReference; lastKnownFileType = sourcecode.swift; path = ModuleRow.swift; sourceTree = "<group>"; };
		3E0A9DEA0B195D1C341C16A8 /* LoginView.swift */ = {isa = PBXFileReference; lastKnownFileType = sourcecode.swift; path = LoginView.swift; sourceTree = "<group>"; };
		3F0D756C3B06D3C63DA23AB7 /* categories.json */ = {isa = PBXFileReference; lastKnownFileType = text.json; path = categories.json; sourceTree = "<group>"; };
		50A3A42D947FB5BA2B6AFB70 /* FileURLTokenizer.swift */ = {isa = PBXFileReference; lastKnownFileType = sourcecode.swift; path = FileURLTokenizer.swift; sourceTree = "<group>"; };
		57DE24B0F8748037EA115797 /* LoginWebView.swift */ = {isa = PBXFileReference; lastKnownFileType = sourcecode.swift; path = LoginWebView.swift; sourceTree = "<group>"; };
		5EC0BE5246B5005FBF7AF7A2 /* IndexerTests.swift */ = {isa = PBXFileReference; lastKnownFileType = sourcecode.swift; path = IndexerTests.swift; sourceTree = "<group>"; };
		627F23C0ADBE033E203C10F3 /* GlobalSearchView.swift */ = {isa = PBXFileReference; lastKnownFileType = sourcecode.swift; path = GlobalSearchView.swift; sourceTree = "<group>"; };
		632F9C4E22DDA97925F567A1 /* CourseContentsDTO.swift */ = {isa = PBXFileReference; lastKnownFileType = sourcecode.swift; path = CourseContentsDTO.swift; sourceTree = "<group>"; };
		6CDBE80ED4DAF175F43E0A6E /* MainTabs.swift */ = {isa = PBXFileReference; lastKnownFileType = sourcecode.swift; path = MainTabs.swift; sourceTree = "<group>"; };
		6F85901F69D7F210C5CCF9D3 /* AcademicYearTests.swift */ = {isa = PBXFileReference; lastKnownFileType = sourcecode.swift; path = AcademicYearTests.swift; sourceTree = "<group>"; };
		6FF0B94F1558DB6DA49A610F /* FilePresenters.swift */ = {isa = PBXFileReference; lastKnownFileType = sourcecode.swift; path = FilePresenters.swift; sourceTree = "<group>"; };
		71E4840D462EF098CE10FD83 /* CourseDetailView.swift */ = {isa = PBXFileReference; lastKnownFileType = sourcecode.swift; path = CourseDetailView.swift; sourceTree = "<group>"; };
		7244B2A38FD30B29696052BF /* DemoData.swift */ = {isa = PBXFileReference; lastKnownFileType = sourcecode.swift; path = DemoData.swift; sourceTree = "<group>"; };
		79808CD1C374D0352A1F0E37 /* Models.swift */ = {isa = PBXFileReference; lastKnownFileType = sourcecode.swift; path = Models.swift; sourceTree = "<group>"; };
		7A2A5A24A4239BD7AB55BDAA /* AcademicYear.swift */ = {isa = PBXFileReference; lastKnownFileType = sourcecode.swift; path = AcademicYear.swift; sourceTree = "<group>"; };
		83797407F81A91DEB24BEF98 /* RecentFilesView.swift */ = {isa = PBXFileReference; lastKnownFileType = sourcecode.swift; path = RecentFilesView.swift; sourceTree = "<group>"; };
		864BC64E7643ABBFBF2CCFD3 /* Localizable.xcstrings */ = {isa = PBXFileReference; lastKnownFileType = text.json.xcstrings; path = Localizable.xcstrings; sourceTree = "<group>"; };
		87CAC2B1DEDF862FD7B242D6 /* BeepTests.xctest */ = {isa = PBXFileReference; includeInIndex = 0; lastKnownFileType = wrapper.cfbundle; path = BeepTests.xctest; sourceTree = BUILT_PRODUCTS_DIR; };
		8CF8694ACF7AB5159B41777A /* FileOpener.swift */ = {isa = PBXFileReference; lastKnownFileType = sourcecode.swift; path = FileOpener.swift; sourceTree = "<group>"; };
		8DF4144FD06449B7635ED698 /* Assets.xcassets */ = {isa = PBXFileReference; lastKnownFileType = folder.assetcatalog; path = Assets.xcassets; sourceTree = "<group>"; };
		92F027F03142CE65043329E3 /* CourseNameParser.swift */ = {isa = PBXFileReference; lastKnownFileType = sourcecode.swift; path = CourseNameParser.swift; sourceTree = "<group>"; };
		93D27EFC0A024C85307150D7 /* TokenStore.swift */ = {isa = PBXFileReference; lastKnownFileType = sourcecode.swift; path = TokenStore.swift; sourceTree = "<group>"; };
		9B0FCDC6C27FDB36BBF67A34 /* NotificationsView.swift */ = {isa = PBXFileReference; lastKnownFileType = sourcecode.swift; path = NotificationsView.swift; sourceTree = "<group>"; };
		9B277ED54290D81DF1A0DB17 /* course_contents.json */ = {isa = PBXFileReference; lastKnownFileType = text.json; path = course_contents.json; sourceTree = "<group>"; };
		9FEEA578AD0563216F3CD65A /* SiteInfoDTO.swift */ = {isa = PBXFileReference; lastKnownFileType = sourcecode.swift; path = SiteInfoDTO.swift; sourceTree = "<group>"; };
		AA7789D4DEFC3C8FC5C88418 /* ActivityView.swift */ = {isa = PBXFileReference; lastKnownFileType = sourcecode.swift; path = ActivityView.swift; sourceTree = "<group>"; };
		AD984B3CFFCA2AD81EA3EDC8 /* SyncEngine.swift */ = {isa = PBXFileReference; lastKnownFileType = sourcecode.swift; path = SyncEngine.swift; sourceTree = "<group>"; };
		ADA162076A63985DB48527FD /* AcknowledgementsView.swift */ = {isa = PBXFileReference; lastKnownFileType = sourcecode.swift; path = AcknowledgementsView.swift; sourceTree = "<group>"; };
		AF462B1F1184F0A52D098EC7 /* error_invalidtoken.json */ = {isa = PBXFileReference; lastKnownFileType = text.json; path = error_invalidtoken.json; sourceTree = "<group>"; };
		B1D5FBE3ACEA751305B2C656 /* Indexer.swift */ = {isa = PBXFileReference; lastKnownFileType = sourcecode.swift; path = Indexer.swift; sourceTree = "<group>"; };
		BCB2A417054F68350208AB6C /* LocalFilesTests.swift */ = {isa = PBXFileReference; lastKnownFileType = sourcecode.swift; path = LocalFilesTests.swift; sourceTree = "<group>"; };
		BCB403E03ED555E80094485A /* CourseDTO.swift */ = {isa = PBXFileReference; lastKnownFileType = sourcecode.swift; path = CourseDTO.swift; sourceTree = "<group>"; };
		C956A75A7DA5D53C8767CFAA /* Theme.swift */ = {isa = PBXFileReference; lastKnownFileType = sourcecode.swift; path = Theme.swift; sourceTree = "<group>"; };
		CAB8F9B05C965CA7DF432E0A /* MultilangTests.swift */ = {isa = PBXFileReference; lastKnownFileType = sourcecode.swift; path = MultilangTests.swift; sourceTree = "<group>"; };
		CE09B0D0E5769EBAB31D00DD /* NotificationDTO.swift */ = {isa = PBXFileReference; lastKnownFileType = sourcecode.swift; path = NotificationDTO.swift; sourceTree = "<group>"; };
		D5DDC33A2E7014A4565C4823 /* Beep.app */ = {isa = PBXFileReference; includeInIndex = 0; lastKnownFileType = wrapper.application; path = Beep.app; sourceTree = BUILT_PRODUCTS_DIR; };
		D8A86362F900DB06EED974BA /* LoginFlowTests.swift */ = {isa = PBXFileReference; lastKnownFileType = sourcecode.swift; path = LoginFlowTests.swift; sourceTree = "<group>"; };
		E5859EC2B8B8ECA33F4EA63B /* MoodleClientTests.swift */ = {isa = PBXFileReference; lastKnownFileType = sourcecode.swift; path = MoodleClientTests.swift; sourceTree = "<group>"; };
		E87CF57754DAA246400A385A /* site_info.json */ = {isa = PBXFileReference; lastKnownFileType = text.json; path = site_info.json; sourceTree = "<group>"; };
		EC0BB1DC0D87DE1F7BCDE019 /* users_courses.json */ = {isa = PBXFileReference; lastKnownFileType = text.json; path = users_courses.json; sourceTree = "<group>"; };
		ED2785533331D773CF0D25D5 /* AppSession.swift */ = {isa = PBXFileReference; lastKnownFileType = sourcecode.swift; path = AppSession.swift; sourceTree = "<group>"; };
		EFB947E1DDE4DB52EA62CD43 /* WelcomeView.swift */ = {isa = PBXFileReference; lastKnownFileType = sourcecode.swift; path = WelcomeView.swift; sourceTree = "<group>"; };
		F3BF39A74533D9FEBB64D126 /* FileURLTokenizerTests.swift */ = {isa = PBXFileReference; lastKnownFileType = sourcecode.swift; path = FileURLTokenizerTests.swift; sourceTree = "<group>"; };
		F4DE5789C80BF2E517E67978 /* BeepApp.swift */ = {isa = PBXFileReference; lastKnownFileType = sourcecode.swift; path = BeepApp.swift; sourceTree = "<group>"; };
		F6EBD1D30A4573151B77A38B /* FileRow.swift */ = {isa = PBXFileReference; lastKnownFileType = sourcecode.swift; path = FileRow.swift; sourceTree = "<group>"; };
/* End PBXFileReference section */

/* Begin PBXGroup section */
		04044730FA986C8DE9DFC7B5 = {
			isa = PBXGroup;
			children = (
				28FC5D2010DAB3286DF95F13 /* NOTICE */,
				472B5880A06FF2BEA9572AD7 /* Beep */,
				607AB977D8416D1B654F76C8 /* BeepTests */,
				C39E92F63115DC7D2D3EB758 /* Products */,
			);
			sourceTree = "<group>";
		};
		13CAC8BA15C0A57A3DC3AA28 /* Features */ = {
			isa = PBXGroup;
			children = (
				6DF5668CB1454C5D9772A65F /* Activity */,
				2FC998752EDC99D7F880CD51 /* CourseDetail */,
				BE87DD13BB0B1EA663C6FB12 /* Courses */,
				BB5D9F92E565125B3F367393 /* Files */,
				487C97293854E3F297A63F32 /* Forum */,
				5CD197F4F4DFFAC18B26A6A3 /* Notifications */,
				E80BABCECF78D74732A21475 /* Onboarding */,
				32E41FC21DA98C2F7FF857D4 /* Recent */,
				1F5FBB1D2BCE84878B01A5FE /* Search */,
				52AC1F46A32915B96388D7C5 /* Settings */,
			);
			path = Features;
			sourceTree = "<group>";
		};
		1F5FBB1D2BCE84878B01A5FE /* Search */ = {
			isa = PBXGroup;
			children = (
				627F23C0ADBE033E203C10F3 /* GlobalSearchView.swift */,
			);
			path = Search;
			sourceTree = "<group>";
		};
		2FC998752EDC99D7F880CD51 /* CourseDetail */ = {
			isa = PBXGroup;
			children = (
				71E4840D462EF098CE10FD83 /* CourseDetailView.swift */,
				39EF8D5542906BF58E29A37C /* ModuleRow.swift */,
			);
			path = CourseDetail;
			sourceTree = "<group>";
		};
		32E41FC21DA98C2F7FF857D4 /* Recent */ = {
			isa = PBXGroup;
			children = (
				83797407F81A91DEB24BEF98 /* RecentFilesView.swift */,
			);
			path = Recent;
			sourceTree = "<group>";
		};
		472B5880A06FF2BEA9572AD7 /* Beep */ = {
			isa = PBXGroup;
			children = (
				66469142E1B42729162D0146 /* App */,
				E4DEB3E5D446769ED30A074A /* Auth */,
				B078BF5C42F27229DED2E9E3 /* Design */,
				13CAC8BA15C0A57A3DC3AA28 /* Features */,
				4F18071C59799A93E40B3B1F /* MoodleKit */,
				73C78EE03E9AD1F47E8E45E4 /* Resources */,
				879F349BE7A565450440B45E /* Store */,
				567FC40314CDADA6F82BAA57 /* Sync */,
			);
			path = Beep;
			sourceTree = "<group>";
		};
		487C97293854E3F297A63F32 /* Forum */ = {
			isa = PBXGroup;
			children = (
			);
			path = Forum;
			sourceTree = "<group>";
		};
		4F18071C59799A93E40B3B1F /* MoodleKit */ = {
			isa = PBXGroup;
			children = (
				7A2A5A24A4239BD7AB55BDAA /* AcademicYear.swift */,
				92F027F03142CE65043329E3 /* CourseNameParser.swift */,
				50A3A42D947FB5BA2B6AFB70 /* FileURLTokenizer.swift */,
				2DA016BEE918F3CECA3C896C /* MoodleClient.swift */,
				286AB63D1C7EF76A73108AAA /* MoodleError.swift */,
				269D9C6B193F29B7CE5B6822 /* Multilang.swift */,
				68F2BBAD4174512B55CD28E8 /* DTO */,
			);
			path = MoodleKit;
			sourceTree = "<group>";
		};
		52AC1F46A32915B96388D7C5 /* Settings */ = {
			isa = PBXGroup;
			children = (
				ADA162076A63985DB48527FD /* AcknowledgementsView.swift */,
				18DC03A9A41FBAA63B81F471 /* SettingsView.swift */,
				310DD6AAE1D1B781EFA5601C /* SyncCoursesView.swift */,
			);
			path = Settings;
			sourceTree = "<group>";
		};
		567FC40314CDADA6F82BAA57 /* Sync */ = {
			isa = PBXGroup;
			children = (
				B1D5FBE3ACEA751305B2C656 /* Indexer.swift */,
				AD984B3CFFCA2AD81EA3EDC8 /* SyncEngine.swift */,
			);
			path = Sync;
			sourceTree = "<group>";
		};
		5C7A2E54BF998D3B7522D9D5 /* Fixtures */ = {
			isa = PBXGroup;
			children = (
				3F0D756C3B06D3C63DA23AB7 /* categories.json */,
				9B277ED54290D81DF1A0DB17 /* course_contents.json */,
				AF462B1F1184F0A52D098EC7 /* error_invalidtoken.json */,
				E87CF57754DAA246400A385A /* site_info.json */,
				EC0BB1DC0D87DE1F7BCDE019 /* users_courses.json */,
			);
			path = Fixtures;
			sourceTree = "<group>";
		};
		5CD197F4F4DFFAC18B26A6A3 /* Notifications */ = {
			isa = PBXGroup;
			children = (
				9B0FCDC6C27FDB36BBF67A34 /* NotificationsView.swift */,
			);
			path = Notifications;
			sourceTree = "<group>";
		};
		607AB977D8416D1B654F76C8 /* BeepTests */ = {
			isa = PBXGroup;
			children = (
				6F85901F69D7F210C5CCF9D3 /* AcademicYearTests.swift */,
				3416213C83DDF3DE7B444F5C /* CourseNameParserTests.swift */,
				F3BF39A74533D9FEBB64D126 /* FileURLTokenizerTests.swift */,
				5EC0BE5246B5005FBF7AF7A2 /* IndexerTests.swift */,
				BCB2A417054F68350208AB6C /* LocalFilesTests.swift */,
				D8A86362F900DB06EED974BA /* LoginFlowTests.swift */,
				E5859EC2B8B8ECA33F4EA63B /* MoodleClientTests.swift */,
				CAB8F9B05C965CA7DF432E0A /* MultilangTests.swift */,
				03582BA59A9B5D1BEC9FF227 /* SmokeTests.swift */,
				5C7A2E54BF998D3B7522D9D5 /* Fixtures */,
			);
			path = BeepTests;
			sourceTree = "<group>";
		};
		66469142E1B42729162D0146 /* App */ = {
			isa = PBXGroup;
			children = (
				ED2785533331D773CF0D25D5 /* AppSession.swift */,
				F4DE5789C80BF2E517E67978 /* BeepApp.swift */,
				7244B2A38FD30B29696052BF /* DemoData.swift */,
				6CDBE80ED4DAF175F43E0A6E /* MainTabs.swift */,
				058D5135C8218E91EC87E438 /* RootView.swift */,
			);
			path = App;
			sourceTree = "<group>";
		};
		68F2BBAD4174512B55CD28E8 /* DTO */ = {
			isa = PBXGroup;
			children = (
				632F9C4E22DDA97925F567A1 /* CourseContentsDTO.swift */,
				BCB403E03ED555E80094485A /* CourseDTO.swift */,
				3894DE45915C01852E61D255 /* ForumDTO.swift */,
				CE09B0D0E5769EBAB31D00DD /* NotificationDTO.swift */,
				9FEEA578AD0563216F3CD65A /* SiteInfoDTO.swift */,
			);
			path = DTO;
			sourceTree = "<group>";
		};
		6DF5668CB1454C5D9772A65F /* Activity */ = {
			isa = PBXGroup;
			children = (
				AA7789D4DEFC3C8FC5C88418 /* ActivityView.swift */,
			);
			path = Activity;
			sourceTree = "<group>";
		};
		73C78EE03E9AD1F47E8E45E4 /* Resources */ = {
			isa = PBXGroup;
			children = (
				0478DD28AE32D428A6FF72E7 /* AppIcon.icon */,
				8DF4144FD06449B7635ED698 /* Assets.xcassets */,
				864BC64E7643ABBFBF2CCFD3 /* Localizable.xcstrings */,
			);
			path = Resources;
			sourceTree = "<group>";
		};
		879F349BE7A565450440B45E /* Store */ = {
			isa = PBXGroup;
			children = (
				79808CD1C374D0352A1F0E37 /* Models.swift */,
				19452E311E45FA947869B393 /* StoreContainer.swift */,
			);
			path = Store;
			sourceTree = "<group>";
		};
		B078BF5C42F27229DED2E9E3 /* Design */ = {
			isa = PBXGroup;
			children = (
				C956A75A7DA5D53C8767CFAA /* Theme.swift */,
				BB35BCC420CA1AB0276F3928 /* Components */,
			);
			path = Design;
			sourceTree = "<group>";
		};
		BB35BCC420CA1AB0276F3928 /* Components */ = {
			isa = PBXGroup;
			children = (
				33057622945CF80070DEDD5E /* CourseTile.swift */,
				2CC05CAD9EE8A0567A6406E7 /* StatusTile.swift */,
			);
			path = Components;
			sourceTree = "<group>";
		};
		BB5D9F92E565125B3F367393 /* Files */ = {
			isa = PBXGroup;
			children = (
				8CF8694ACF7AB5159B41777A /* FileOpener.swift */,
				6FF0B94F1558DB6DA49A610F /* FilePresenters.swift */,
				F6EBD1D30A4573151B77A38B /* FileRow.swift */,
			);
			path = Files;
			sourceTree = "<group>";
		};
		BE87DD13BB0B1EA663C6FB12 /* Courses */ = {
			isa = PBXGroup;
			children = (
				24626E92874EE99AAA4BB29F /* CourseRow.swift */,
				1A8C5004148D51BFD22BB6DE /* CoursesHomeView.swift */,
			);
			path = Courses;
			sourceTree = "<group>";
		};
		C39E92F63115DC7D2D3EB758 /* Products */ = {
			isa = PBXGroup;
			children = (
				D5DDC33A2E7014A4565C4823 /* Beep.app */,
				87CAC2B1DEDF862FD7B242D6 /* BeepTests.xctest */,
			);
			name = Products;
			sourceTree = "<group>";
		};
		E4DEB3E5D446769ED30A074A /* Auth */ = {
			isa = PBXGroup;
			children = (
				135FEEAF58474DF5713A782B /* LoginFlow.swift */,
				57DE24B0F8748037EA115797 /* LoginWebView.swift */,
				93D27EFC0A024C85307150D7 /* TokenStore.swift */,
			);
			path = Auth;
			sourceTree = "<group>";
		};
		E80BABCECF78D74732A21475 /* Onboarding */ = {
			isa = PBXGroup;
			children = (
				3E0A9DEA0B195D1C341C16A8 /* LoginView.swift */,
				EFB947E1DDE4DB52EA62CD43 /* WelcomeView.swift */,
			);
			path = Onboarding;
			sourceTree = "<group>";
		};
/* End PBXGroup section */

/* Begin PBXNativeTarget section */
		1C80CB137BB90C9067C8E9C3 /* BeepTests */ = {
			isa = PBXNativeTarget;
			buildConfigurationList = 4C2E9984B2C1D00E6ABDF175 /* Build configuration list for PBXNativeTarget "BeepTests" */;
			buildPhases = (
				9F77301F61AEB82CD5DDD5D9 /* Sources */,
				D979F31C65096975171D96C2 /* Resources */,
			);
			buildRules = (
			);
			dependencies = (
				CAA5BCA96C081AAB0B925B53 /* PBXTargetDependency */,
			);
			name = BeepTests;
			packageProductDependencies = (
			);
			productName = BeepTests;
			productReference = 87CAC2B1DEDF862FD7B242D6 /* BeepTests.xctest */;
			productType = "com.apple.product-type.bundle.unit-test";
		};
		4E1E84473F88659B8C224DAF /* Beep */ = {
			isa = PBXNativeTarget;
			buildConfigurationList = A88B49A62424E5BF115E8955 /* Build configuration list for PBXNativeTarget "Beep" */;
			buildPhases = (
				BB0E674DAEBBE600706B8523 /* Sources */,
				F302C87AB85D8F8B56186D0E /* Resources */,
			);
			buildRules = (
			);
			dependencies = (
			);
			name = Beep;
			packageProductDependencies = (
			);
			productName = Beep;
			productReference = D5DDC33A2E7014A4565C4823 /* Beep.app */;
			productType = "com.apple.product-type.application";
		};
/* End PBXNativeTarget section */

/* Begin PBXProject section */
		7B20E5A0EC915A61F761D5E2 /* Project object */ = {
			isa = PBXProject;
			attributes = {
				BuildIndependentTargetsInParallel = YES;
				LastUpgradeCheck = 2700;
				TargetAttributes = {
					1C80CB137BB90C9067C8E9C3 = {
						DevelopmentTeam = M9YL94W837;
						ProvisioningStyle = Automatic;
					};
					4E1E84473F88659B8C224DAF = {
						DevelopmentTeam = M9YL94W837;
						ProvisioningStyle = Automatic;
					};
				};
			};
			buildConfigurationList = 961FECD42314932DAB02CF59 /* Build configuration list for PBXProject "Beep" */;
			developmentRegion = en;
			hasScannedForEncodings = 0;
			knownRegions = (
				Base,
				en,
			);
			mainGroup = 04044730FA986C8DE9DFC7B5;
			minimizedProjectReferenceProxies = 1;
			preferredProjectObjectVersion = 77;
			productRefGroup = C39E92F63115DC7D2D3EB758 /* Products */;
			projectDirPath = "";
			projectRoot = "";
			targets = (
				4E1E84473F88659B8C224DAF /* Beep */,
				1C80CB137BB90C9067C8E9C3 /* BeepTests */,
			);
		};
/* End PBXProject section */

/* Begin PBXResourcesBuildPhase section */
		D979F31C65096975171D96C2 /* Resources */ = {
			isa = PBXResourcesBuildPhase;
			buildActionMask = 2147483647;
			files = (
				4190859D37F8969EC27E0856 /* categories.json in Resources */,
				C1A3A74FB37AACF97A8403B5 /* course_contents.json in Resources */,
				9FEF5A7A095D2FA9AB77273F /* error_invalidtoken.json in Resources */,
				E1017A3721D41B553FE4977E /* site_info.json in Resources */,
				3327218B5E09E7B30CA063E2 /* users_courses.json in Resources */,
			);
			runOnlyForDeploymentPostprocessing = 0;
		};
		F302C87AB85D8F8B56186D0E /* Resources */ = {
			isa = PBXResourcesBuildPhase;
			buildActionMask = 2147483647;
			files = (
				8BFBAD8978D84465EDC8B377 /* AppIcon.icon in Resources */,
				D9CDB25E96CD7637AE81F4A9 /* Assets.xcassets in Resources */,
				21E5BFDB220B7863B2DC91FC /* Localizable.xcstrings in Resources */,
				D5054C1FB88A83275883BAC2 /* NOTICE in Resources */,
			);
			runOnlyForDeploymentPostprocessing = 0;
		};
/* End PBXResourcesBuildPhase section */

/* Begin PBXSourcesBuildPhase section */
		9F77301F61AEB82CD5DDD5D9 /* Sources */ = {
			isa = PBXSourcesBuildPhase;
			buildActionMask = 2147483647;
			files = (
				D79E9320936B93753C5B9ECC /* AcademicYearTests.swift in Sources */,
				78939754EF3C3D1067462E53 /* CourseNameParserTests.swift in Sources */,
				118F5092D57A515A3426808C /* FileURLTokenizerTests.swift in Sources */,
				7737B668FFFEB4C395AEF153 /* IndexerTests.swift in Sources */,
				7BA95232FC983C887333025A /* LocalFilesTests.swift in Sources */,
				14951E8148A77C6FAC5A148A /* LoginFlowTests.swift in Sources */,
				4FBB247F1378B5331C795811 /* MoodleClientTests.swift in Sources */,
				F8228C12F6DCDD1BD3E58ED9 /* MultilangTests.swift in Sources */,
				DB9A38011CA86FD6B9C5B993 /* SmokeTests.swift in Sources */,
			);
			runOnlyForDeploymentPostprocessing = 0;
		};
		BB0E674DAEBBE600706B8523 /* Sources */ = {
			isa = PBXSourcesBuildPhase;
			buildActionMask = 2147483647;
			files = (
				2B905BE00D958210F2A57479 /* AcademicYear.swift in Sources */,
				4CF4BEA7E412F3ACA05D20CA /* AcknowledgementsView.swift in Sources */,
				7E2C6B05A3F63BBB8B50917C /* ActivityView.swift in Sources */,
				11495C7A826FF7BEB50F7C0D /* AppSession.swift in Sources */,
				A46A7CF1B1510E9189B8DDD2 /* BeepApp.swift in Sources */,
				B9287AE1401A76332A60CBF8 /* CourseContentsDTO.swift in Sources */,
				EB70F36E770556C2C196FAB9 /* CourseDTO.swift in Sources */,
				BE100D9ECE10FC95B2C345A1 /* CourseDetailView.swift in Sources */,
				A1FD17704A581986987016AD /* CourseNameParser.swift in Sources */,
				DFAFBD4BF6D969D0088EDA20 /* CourseRow.swift in Sources */,
				F23CAFFA458B9E6314482632 /* CourseTile.swift in Sources */,
				6C4AB023B505AD19B002477E /* CoursesHomeView.swift in Sources */,
				CC00A700E301109EB1F4C635 /* DemoData.swift in Sources */,
				724FD949B3D00AA7329215A2 /* FileOpener.swift in Sources */,
				08565BE1761ADCDA22C31FD1 /* FilePresenters.swift in Sources */,
				1230ED6B7B1E1BB3F88C6466 /* FileRow.swift in Sources */,
				0D72B8BE8B5051A98E928CCD /* FileURLTokenizer.swift in Sources */,
				ECC33AE508D8A7E799C94E1E /* ForumDTO.swift in Sources */,
				29EEC2580CF13F0C30F66688 /* GlobalSearchView.swift in Sources */,
				8B0F59A0BEB0A339641A65CA /* Indexer.swift in Sources */,
				32B6E669F6D21E4660A62CA2 /* LoginFlow.swift in Sources */,
				3753DE3FC210E0B7D4492B8F /* LoginView.swift in Sources */,
				8321F34FABEDD4FE9A1C5467 /* LoginWebView.swift in Sources */,
				A853F8004BE198CCB38C66C6 /* MainTabs.swift in Sources */,
				DB3D146033B474942585D55E /* Models.swift in Sources */,
				CE5F33BDE5114B749AC8D43A /* ModuleRow.swift in Sources */,
				D06EDE2500B8063422C11257 /* MoodleClient.swift in Sources */,
				97B9AD6D6A5ECCD8C59D8D34 /* MoodleError.swift in Sources */,
				1CC354A37D8D0733313543EE /* Multilang.swift in Sources */,
				E6B366A3AC0BA7A882DD78E3 /* NotificationDTO.swift in Sources */,
				EA17FF851EFAE8E4A4E6BAE6 /* NotificationsView.swift in Sources */,
				D4242DA20C3804FC6C8B4749 /* RecentFilesView.swift in Sources */,
				0F71D99FFD4B012266DCCA65 /* RootView.swift in Sources */,
				A17B535957C22F5DCCF9322A /* SettingsView.swift in Sources */,
				0BFCB4E536F0DEF226744E67 /* SiteInfoDTO.swift in Sources */,
				38E915034426D597D953CB8A /* StatusTile.swift in Sources */,
				205CD762DB8C6F586EBBE93B /* StoreContainer.swift in Sources */,
				ACD6B2DBB3ACF96620808FC5 /* SyncCoursesView.swift in Sources */,
				D2090CA81A5389D97FE3C779 /* SyncEngine.swift in Sources */,
				1B6FDB6FF3E0BB4693BB3D08 /* Theme.swift in Sources */,
				17573A8A9558E9750026F483 /* TokenStore.swift in Sources */,
				DAA031E7642FE2F986BBB0A4 /* WelcomeView.swift in Sources */,
			);
			runOnlyForDeploymentPostprocessing = 0;
		};
/* End PBXSourcesBuildPhase section */

/* Begin PBXTargetDependency section */
		CAA5BCA96C081AAB0B925B53 /* PBXTargetDependency */ = {
			isa = PBXTargetDependency;
			target = 4E1E84473F88659B8C224DAF /* Beep */;
			targetProxy = 5931C1881E8D691EE26C0B77 /* PBXContainerItemProxy */;
		};
/* End PBXTargetDependency section */

/* Begin XCBuildConfiguration section */
		76C8900B1ADD3E97296D72DC /* Release */ = {
			isa = XCBuildConfiguration;
			buildSettings = {
				ALWAYS_SEARCH_USER_PATHS = NO;
				CLANG_ANALYZER_NONNULL = YES;
				CLANG_ANALYZER_NUMBER_OBJECT_CONVERSION = YES_AGGRESSIVE;
				CLANG_CXX_LANGUAGE_STANDARD = "gnu++14";
				CLANG_CXX_LIBRARY = "libc++";
				CLANG_ENABLE_MODULES = YES;
				CLANG_ENABLE_OBJC_ARC = YES;
				CLANG_ENABLE_OBJC_WEAK = YES;
				CLANG_WARN_BLOCK_CAPTURE_AUTORELEASING = YES;
				CLANG_WARN_BOOL_CONVERSION = YES;
				CLANG_WARN_COMMA = YES;
				CLANG_WARN_CONSTANT_CONVERSION = YES;
				CLANG_WARN_DEPRECATED_OBJC_IMPLEMENTATIONS = YES;
				CLANG_WARN_DIRECT_OBJC_ISA_USAGE = YES_ERROR;
				CLANG_WARN_DOCUMENTATION_COMMENTS = YES;
				CLANG_WARN_EMPTY_BODY = YES;
				CLANG_WARN_ENUM_CONVERSION = YES;
				CLANG_WARN_INFINITE_RECURSION = YES;
				CLANG_WARN_INT_CONVERSION = YES;
				CLANG_WARN_NON_LITERAL_NULL_CONVERSION = YES;
				CLANG_WARN_OBJC_IMPLICIT_RETAIN_SELF = YES;
				CLANG_WARN_OBJC_LITERAL_CONVERSION = YES;
				CLANG_WARN_OBJC_ROOT_CLASS = YES_ERROR;
				CLANG_WARN_QUOTED_INCLUDE_IN_FRAMEWORK_HEADER = YES;
				CLANG_WARN_RANGE_LOOP_ANALYSIS = YES;
				CLANG_WARN_STRICT_PROTOTYPES = YES;
				CLANG_WARN_SUSPICIOUS_MOVE = YES;
				CLANG_WARN_UNGUARDED_AVAILABILITY = YES_AGGRESSIVE;
				CLANG_WARN_UNREACHABLE_CODE = YES;
				CLANG_WARN__DUPLICATE_METHOD_MATCH = YES;
				CODE_SIGN_STYLE = Automatic;
				COPY_PHASE_STRIP = NO;
				CURRENT_PROJECT_VERSION = 1;
				DEBUG_INFORMATION_FORMAT = "dwarf-with-dsym";
				DEVELOPMENT_TEAM = M9YL94W837;
				ENABLE_NS_ASSERTIONS = NO;
				ENABLE_STRICT_OBJC_MSGSEND = YES;
				ENABLE_USER_SCRIPT_SANDBOXING = YES;
				GCC_C_LANGUAGE_STANDARD = gnu11;
				GCC_NO_COMMON_BLOCKS = YES;
				GCC_WARN_64_TO_32_BIT_CONVERSION = YES;
				GCC_WARN_ABOUT_RETURN_TYPE = YES_ERROR;
				GCC_WARN_UNDECLARED_SELECTOR = YES;
				GCC_WARN_UNINITIALIZED_AUTOS = YES_AGGRESSIVE;
				GCC_WARN_UNUSED_FUNCTION = YES;
				GCC_WARN_UNUSED_VARIABLE = YES;
				IPHONEOS_DEPLOYMENT_TARGET = 26.0;
				LOCALIZATION_PREFERS_STRING_CATALOGS = YES;
				MARKETING_VERSION = 0.1.0;
				MTL_ENABLE_DEBUG_INFO = NO;
				MTL_FAST_MATH = YES;
				PRODUCT_NAME = "$(TARGET_NAME)";
				SDKROOT = iphoneos;
				SWIFT_APPROACHABLE_CONCURRENCY = YES;
				SWIFT_COMPILATION_MODE = wholemodule;
				SWIFT_DEFAULT_ACTOR_ISOLATION = MainActor;
				SWIFT_EMIT_LOC_STRINGS = YES;
				SWIFT_OPTIMIZATION_LEVEL = "-O";
				SWIFT_STRICT_CONCURRENCY = complete;
				SWIFT_VERSION = 6.0;
			};
			name = Release;
		};
		A54AFA588D5E9AA7C4C194AF /* Debug */ = {
			isa = XCBuildConfiguration;
			buildSettings = {
				ASSETCATALOG_COMPILER_APPICON_NAME = AppIcon;
				ASSETCATALOG_COMPILER_GLOBAL_ACCENT_COLOR_NAME = AccentColor;
				CODE_SIGN_IDENTITY = "iPhone Developer";
				ENABLE_PREVIEWS = YES;
				GENERATE_INFOPLIST_FILE = YES;
				INFOPLIST_KEY_BGTaskSchedulerPermittedIdentifiers = com.mattiacolombo.Beep.refresh;
				INFOPLIST_KEY_CFBundleDisplayName = Beep;
				INFOPLIST_KEY_ITSAppUsesNonExemptEncryption = NO;
				INFOPLIST_KEY_LSApplicationCategoryType = "public.app-category.education";
				INFOPLIST_KEY_LSSupportsOpeningDocumentsInPlace = YES;
				INFOPLIST_KEY_UIApplicationSceneManifest_Generation = YES;
				INFOPLIST_KEY_UIBackgroundModes = "fetch processing";
				INFOPLIST_KEY_UIFileSharingEnabled = YES;
				INFOPLIST_KEY_UILaunchScreen_Generation = YES;
				INFOPLIST_KEY_UISupportedInterfaceOrientations = "UIInterfaceOrientationPortrait UIInterfaceOrientationLandscapeLeft UIInterfaceOrientationLandscapeRight";
				INFOPLIST_KEY_UISupportedInterfaceOrientations_iPad = "UIInterfaceOrientationPortrait UIInterfaceOrientationPortraitUpsideDown UIInterfaceOrientationLandscapeLeft UIInterfaceOrientationLandscapeRight";
				LD_RUNPATH_SEARCH_PATHS = (
					"$(inherited)",
					"@executable_path/Frameworks",
				);
				PRODUCT_BUNDLE_IDENTIFIER = com.mattiacolombo.Beep;
				PRODUCT_NAME = Beep;
				SDKROOT = iphoneos;
				SUPPORTS_MACCATALYST = NO;
				TARGETED_DEVICE_FAMILY = "1,2";
			};
			name = Debug;
		};
		C023DD358582439343759B34 /* Release */ = {
			isa = XCBuildConfiguration;
			buildSettings = {
				BUNDLE_LOADER = "$(TEST_HOST)";
				GENERATE_INFOPLIST_FILE = YES;
				LD_RUNPATH_SEARCH_PATHS = (
					"$(inherited)",
					"@executable_path/Frameworks",
					"@loader_path/Frameworks",
				);
				PRODUCT_BUNDLE_IDENTIFIER = com.mattiacolombo.BeepTests;
				SDKROOT = iphoneos;
				TARGETED_DEVICE_FAMILY = "1,2";
				TEST_HOST = "$(BUILT_PRODUCTS_DIR)/Beep.app/Beep";
			};
			name = Release;
		};
		DB1E96D659FA1FB3DAC992A0 /* Debug */ = {
			isa = XCBuildConfiguration;
			buildSettings = {
				ALWAYS_SEARCH_USER_PATHS = NO;
				CLANG_ANALYZER_NONNULL = YES;
				CLANG_ANALYZER_NUMBER_OBJECT_CONVERSION = YES_AGGRESSIVE;
				CLANG_CXX_LANGUAGE_STANDARD = "gnu++14";
				CLANG_CXX_LIBRARY = "libc++";
				CLANG_ENABLE_MODULES = YES;
				CLANG_ENABLE_OBJC_ARC = YES;
				CLANG_ENABLE_OBJC_WEAK = YES;
				CLANG_WARN_BLOCK_CAPTURE_AUTORELEASING = YES;
				CLANG_WARN_BOOL_CONVERSION = YES;
				CLANG_WARN_COMMA = YES;
				CLANG_WARN_CONSTANT_CONVERSION = YES;
				CLANG_WARN_DEPRECATED_OBJC_IMPLEMENTATIONS = YES;
				CLANG_WARN_DIRECT_OBJC_ISA_USAGE = YES_ERROR;
				CLANG_WARN_DOCUMENTATION_COMMENTS = YES;
				CLANG_WARN_EMPTY_BODY = YES;
				CLANG_WARN_ENUM_CONVERSION = YES;
				CLANG_WARN_INFINITE_RECURSION = YES;
				CLANG_WARN_INT_CONVERSION = YES;
				CLANG_WARN_NON_LITERAL_NULL_CONVERSION = YES;
				CLANG_WARN_OBJC_IMPLICIT_RETAIN_SELF = YES;
				CLANG_WARN_OBJC_LITERAL_CONVERSION = YES;
				CLANG_WARN_OBJC_ROOT_CLASS = YES_ERROR;
				CLANG_WARN_QUOTED_INCLUDE_IN_FRAMEWORK_HEADER = YES;
				CLANG_WARN_RANGE_LOOP_ANALYSIS = YES;
				CLANG_WARN_STRICT_PROTOTYPES = YES;
				CLANG_WARN_SUSPICIOUS_MOVE = YES;
				CLANG_WARN_UNGUARDED_AVAILABILITY = YES_AGGRESSIVE;
				CLANG_WARN_UNREACHABLE_CODE = YES;
				CLANG_WARN__DUPLICATE_METHOD_MATCH = YES;
				CODE_SIGN_STYLE = Automatic;
				COPY_PHASE_STRIP = NO;
				CURRENT_PROJECT_VERSION = 1;
				DEBUG_INFORMATION_FORMAT = dwarf;
				DEVELOPMENT_TEAM = M9YL94W837;
				ENABLE_STRICT_OBJC_MSGSEND = YES;
				ENABLE_TESTABILITY = YES;
				ENABLE_USER_SCRIPT_SANDBOXING = YES;
				GCC_C_LANGUAGE_STANDARD = gnu11;
				GCC_DYNAMIC_NO_PIC = NO;
				GCC_NO_COMMON_BLOCKS = YES;
				GCC_OPTIMIZATION_LEVEL = 0;
				GCC_PREPROCESSOR_DEFINITIONS = (
					"$(inherited)",
					"DEBUG=1",
				);
				GCC_WARN_64_TO_32_BIT_CONVERSION = YES;
				GCC_WARN_ABOUT_RETURN_TYPE = YES_ERROR;
				GCC_WARN_UNDECLARED_SELECTOR = YES;
				GCC_WARN_UNINITIALIZED_AUTOS = YES_AGGRESSIVE;
				GCC_WARN_UNUSED_FUNCTION = YES;
				GCC_WARN_UNUSED_VARIABLE = YES;
				IPHONEOS_DEPLOYMENT_TARGET = 26.0;
				LOCALIZATION_PREFERS_STRING_CATALOGS = YES;
				MARKETING_VERSION = 0.1.0;
				MTL_ENABLE_DEBUG_INFO = INCLUDE_SOURCE;
				MTL_FAST_MATH = YES;
				ONLY_ACTIVE_ARCH = YES;
				PRODUCT_NAME = "$(TARGET_NAME)";
				SDKROOT = iphoneos;
				SWIFT_ACTIVE_COMPILATION_CONDITIONS = DEBUG;
				SWIFT_APPROACHABLE_CONCURRENCY = YES;
				SWIFT_DEFAULT_ACTOR_ISOLATION = MainActor;
				SWIFT_EMIT_LOC_STRINGS = YES;
				SWIFT_OPTIMIZATION_LEVEL = "-Onone";
				SWIFT_STRICT_CONCURRENCY = complete;
				SWIFT_VERSION = 6.0;
			};
			name = Debug;
		};
		DB3377A07C2505AE1D3BC74C /* Release */ = {
			isa = XCBuildConfiguration;
			buildSettings = {
				ASSETCATALOG_COMPILER_APPICON_NAME = AppIcon;
				ASSETCATALOG_COMPILER_GLOBAL_ACCENT_COLOR_NAME = AccentColor;
				CODE_SIGN_IDENTITY = "iPhone Developer";
				ENABLE_PREVIEWS = YES;
				GENERATE_INFOPLIST_FILE = YES;
				INFOPLIST_KEY_BGTaskSchedulerPermittedIdentifiers = com.mattiacolombo.Beep.refresh;
				INFOPLIST_KEY_CFBundleDisplayName = Beep;
				INFOPLIST_KEY_ITSAppUsesNonExemptEncryption = NO;
				INFOPLIST_KEY_LSApplicationCategoryType = "public.app-category.education";
				INFOPLIST_KEY_LSSupportsOpeningDocumentsInPlace = YES;
				INFOPLIST_KEY_UIApplicationSceneManifest_Generation = YES;
				INFOPLIST_KEY_UIBackgroundModes = "fetch processing";
				INFOPLIST_KEY_UIFileSharingEnabled = YES;
				INFOPLIST_KEY_UILaunchScreen_Generation = YES;
				INFOPLIST_KEY_UISupportedInterfaceOrientations = "UIInterfaceOrientationPortrait UIInterfaceOrientationLandscapeLeft UIInterfaceOrientationLandscapeRight";
				INFOPLIST_KEY_UISupportedInterfaceOrientations_iPad = "UIInterfaceOrientationPortrait UIInterfaceOrientationPortraitUpsideDown UIInterfaceOrientationLandscapeLeft UIInterfaceOrientationLandscapeRight";
				LD_RUNPATH_SEARCH_PATHS = (
					"$(inherited)",
					"@executable_path/Frameworks",
				);
				PRODUCT_BUNDLE_IDENTIFIER = com.mattiacolombo.Beep;
				PRODUCT_NAME = Beep;
				SDKROOT = iphoneos;
				SUPPORTS_MACCATALYST = NO;
				TARGETED_DEVICE_FAMILY = "1,2";
			};
			name = Release;
		};
		EFD23BE19468E7EFE789C1E2 /* Debug */ = {
			isa = XCBuildConfiguration;
			buildSettings = {
				BUNDLE_LOADER = "$(TEST_HOST)";
				GENERATE_INFOPLIST_FILE = YES;
				LD_RUNPATH_SEARCH_PATHS = (
					"$(inherited)",
					"@executable_path/Frameworks",
					"@loader_path/Frameworks",
				);
				PRODUCT_BUNDLE_IDENTIFIER = com.mattiacolombo.BeepTests;
				SDKROOT = iphoneos;
				TARGETED_DEVICE_FAMILY = "1,2";
				TEST_HOST = "$(BUILT_PRODUCTS_DIR)/Beep.app/Beep";
			};
			name = Debug;
		};
/* End XCBuildConfiguration section */

/* Begin XCConfigurationList section */
		4C2E9984B2C1D00E6ABDF175 /* Build configuration list for PBXNativeTarget "BeepTests" */ = {
			isa = XCConfigurationList;
			buildConfigurations = (
				EFD23BE19468E7EFE789C1E2 /* Debug */,
				C023DD358582439343759B34 /* Release */,
			);
			defaultConfigurationIsVisible = 0;
			defaultConfigurationName = Debug;
		};
		961FECD42314932DAB02CF59 /* Build configuration list for PBXProject "Beep" */ = {
			isa = XCConfigurationList;
			buildConfigurations = (
				DB1E96D659FA1FB3DAC992A0 /* Debug */,
				76C8900B1ADD3E97296D72DC /* Release */,
			);
			defaultConfigurationIsVisible = 0;
			defaultConfigurationName = Debug;
		};
		A88B49A62424E5BF115E8955 /* Build configuration list for PBXNativeTarget "Beep" */ = {
			isa = XCConfigurationList;
			buildConfigurations = (
				A54AFA588D5E9AA7C4C194AF /* Debug */,
				DB3377A07C2505AE1D3BC74C /* Release */,
			);
			defaultConfigurationIsVisible = 0;
			defaultConfigurationName = Debug;
		};
/* End XCConfigurationList section */
	};
	rootObject = 7B20E5A0EC915A61F761D5E2 /* Project object */;
}
